
Microsoft Visual Studio Solution File, Format Version 12.00
# Visual Studio Version 17
VisualStudioVersion = 17.13.35828.75 d17.13
MinimumVisualStudioVersion = 10.0.40219.1
Project("{FAE04EC0-301F-11D3-BF4B-00C04F79EFBC}") = "MinhaPrimeiraApi", "MinhaPrimeiraApi\MinhaPrimeiraApi.csproj", "{2862A658-B000-4A32-8BDD-D601A34AE89A}"
EndProject
Global
	GlobalSection(SolutionConfigurationPlatforms) = preSolution
		Debug|Any CPU = Debug|Any CPU
		Release|Any CPU = Release|Any CPU
	EndGlobalSection
	GlobalSection(ProjectConfigurationPlatforms) = postSolution
		{2862A658-B000-4A32-8BDD-D601A34AE89A}.Debug|Any CPU.ActiveCfg = Debug|Any CPU
		{2862A658-B000-4A32-8BDD-D601A34AE89A}.Debug|Any CPU.Build.0 = Debug|Any CPU
		{2862A658-B000-4A32-8BDD-D601A34AE89A}.Release|Any CPU.ActiveCfg = Release|Any CPU
		{2862A658-B000-4A32-8BDD-D601A34AE89A}.Release|Any CPU.Build.0 = Release|Any CPU
	EndGlobalSection
	GlobalSection(SolutionProperties) = preSolution
		HideSolutionNode = FALSE
	EndGlobalSection
	GlobalSection(ExtensibilityGlobals) = postSolution
		SolutionGuid = {D0B9C563-43CE-47F8-B468-1BCE1C55B382}
	EndGlobalSection
EndGlobal
